// !$*UTF8*$!
{
	archiveVersion = 1;
	classes = {
	};
	objectVersion = 51;
	objects = {

/* Begin PBXBuildFile section */
		18015989C19DFFD00FDF59FC /* Pods_RendezvousTests.framework in Frameworks */ = {isa = PBXBuildFile; fileRef = 14FC7435199AF1267124D8D3 /* Pods_RendezvousTests.framework */; };
		2A7D9BB5AD0CB6FAD18747C3 /* Pods_Rendezvous_RendezvousUITests.framework in Frameworks */ = {isa = PBXBuildFile; fileRef = FC0C0BAEF78442A5447A9029 /* Pods_Rendezvous_RendezvousUITests.framework */; };
		370884B725546F4100F151A7 /* SetupProfileViewController.swift in Sources */ = {isa = PBXBuildFile; fileRef = 370884B625546F4100F151A7 /* SetupProfileViewController.swift */; };
		370884D02554A9E900F151A7 /* SelectInterestsViewController.swift in Sources */ = {isa = PBXBuildFile; fileRef = 370884CF2554A9E900F151A7 /* SelectInterestsViewController.swift */; };
		370884D62554ADC700F151A7 /* InterestCell.swift in Sources */ = {isa = PBXBuildFile; fileRef = 370884D42554ADC700F151A7 /* InterestCell.swift */; };
		370884D72554ADC700F151A7 /* InterestCell.xib in Resources */ = {isa = PBXBuildFile; fileRef = 370884D52554ADC700F151A7 /* InterestCell.xib */; };
		370C6CA8255F5767008F2E72 /* Settings.storyboard in Resources */ = {isa = PBXBuildFile; fileRef = 370C6CA7255F5767008F2E72 /* Settings.storyboard */; };
		370C6CC825632861008F2E72 /* EditProfileViewController.swift in Sources */ = {isa = PBXBuildFile; fileRef = 370C6CC725632861008F2E72 /* EditProfileViewController.swift */; };
		370C6CD025632870008F2E72 /* ManageAccountViewController.swift in Sources */ = {isa = PBXBuildFile; fileRef = 370C6CCF25632870008F2E72 /* ManageAccountViewController.swift */; };
		370C6CDE2563624D008F2E72 /* ChangePasswordViewController.swift in Sources */ = {isa = PBXBuildFile; fileRef = 370C6CDD2563624D008F2E72 /* ChangePasswordViewController.swift */; };
		370C6CE3256378DE008F2E72 /* ChangeInterestsViewController.swift in Sources */ = {isa = PBXBuildFile; fileRef = 370C6CE2256378DD008F2E72 /* ChangeInterestsViewController.swift */; };
		3711109B256C3D890057EAFC /* MyProfileViewController.swift in Sources */ = {isa = PBXBuildFile; fileRef = 3711109A256C3D890057EAFC /* MyProfileViewController.swift */; };
		376F1B20255BA3D1002A98B4 /* CustomViewFlowLayout.swift in Sources */ = {isa = PBXBuildFile; fileRef = 376F1B1F255BA3D1002A98B4 /* CustomViewFlowLayout.swift */; };
		37B25E33256EE5000048AA83 /* SwipeScreenUIView.swift in Sources */ = {isa = PBXBuildFile; fileRef = 37B25E32256EE5000048AA83 /* SwipeScreenUIView.swift */; };
		37B25E3B256EE5430048AA83 /* ProfileViewModel.swift in Sources */ = {isa = PBXBuildFile; fileRef = 37B25E3A256EE5430048AA83 /* ProfileViewModel.swift */; };
		37B25E3D256EE5990048AA83 /* SwipeScreenViewController.swift in Sources */ = {isa = PBXBuildFile; fileRef = 37B25E3C256EE5990048AA83 /* SwipeScreenViewController.swift */; };
		37B25E43256EE84D0048AA83 /* Chat.swift in Sources */ = {isa = PBXBuildFile; fileRef = 37B25E42256EE84D0048AA83 /* Chat.swift */; };
		37B25E4B256EE8860048AA83 /* Message.swift in Sources */ = {isa = PBXBuildFile; fileRef = 37B25E4A256EE8860048AA83 /* Message.swift */; };
		37B25E50256EE8BD0048AA83 /* ChatViewController.swift in Sources */ = {isa = PBXBuildFile; fileRef = 37B25E4F256EE8BD0048AA83 /* ChatViewController.swift */; };
		37B25E5B256EEB120048AA83 /* ConversationsViewController.swift in Sources */ = {isa = PBXBuildFile; fileRef = 37B25E5A256EEB120048AA83 /* ConversationsViewController.swift */; };
		37B9526A2554BBA600D4AB05 /* UploadProfilePictureViewController.swift in Sources */ = {isa = PBXBuildFile; fileRef = 37B952692554BBA600D4AB05 /* UploadProfilePictureViewController.swift */; };
		9E57E3502574D93D00368569 /* UserHelper.swift in Sources */ = {isa = PBXBuildFile; fileRef = 9E57E34F2574D93D00368569 /* UserHelper.swift */; };
		9E9AAF4E254FD4E200995C76 /* Login.storyboard in Resources */ = {isa = PBXBuildFile; fileRef = 9E9AAF4D254FD4E200995C76 /* Login.storyboard */; };
		9E9AAF54254FD7B800995C76 /* User.swift in Sources */ = {isa = PBXBuildFile; fileRef = 9E9AAF53254FD7B800995C76 /* User.swift */; };
		9E9AAF56254FFDB100995C76 /* LoginViewController.swift in Sources */ = {isa = PBXBuildFile; fileRef = 9E9AAF55254FFDB100995C76 /* LoginViewController.swift */; };
		9E9AAF58254FFDC400995C76 /* SignUpViewController.swift in Sources */ = {isa = PBXBuildFile; fileRef = 9E9AAF57254FFDC400995C76 /* SignUpViewController.swift */; };
		9E9AAF5A255009A200995C76 /* GoogleService-Info.plist in Resources */ = {isa = PBXBuildFile; fileRef = 9E9AAF59255009A200995C76 /* GoogleService-Info.plist */; };
		9EBE4761254744B20018F291 /* AppDelegate.swift in Sources */ = {isa = PBXBuildFile; fileRef = 9EBE4760254744B20018F291 /* AppDelegate.swift */; };
		9EBE4763254744B20018F291 /* SceneDelegate.swift in Sources */ = {isa = PBXBuildFile; fileRef = 9EBE4762254744B20018F291 /* SceneDelegate.swift */; };
		9EBE4768254744B20018F291 /* Main.storyboard in Resources */ = {isa = PBXBuildFile; fileRef = 9EBE4766254744B20018F291 /* Main.storyboard */; };
		9EBE476B254744B20018F291 /* Rendezvous.xcdatamodeld in Sources */ = {isa = PBXBuildFile; fileRef = 9EBE4769254744B20018F291 /* Rendezvous.xcdatamodeld */; };
		9EBE476D254744B30018F291 /* Assets.xcassets in Resources */ = {isa = PBXBuildFile; fileRef = 9EBE476C254744B30018F291 /* Assets.xcassets */; };
		9EBE4770254744B30018F291 /* LaunchScreen.storyboard in Resources */ = {isa = PBXBuildFile; fileRef = 9EBE476E254744B30018F291 /* LaunchScreen.storyboard */; };
		9EBE477B254744B30018F291 /* RendezvousTests.swift in Sources */ = {isa = PBXBuildFile; fileRef = 9EBE477A254744B30018F291 /* RendezvousTests.swift */; };
		9EBE4786254744B40018F291 /* RendezvousUITests.swift in Sources */ = {isa = PBXBuildFile; fileRef = 9EBE4785254744B40018F291 /* RendezvousUITests.swift */; };
		F6CD4B1BDC404366E69EF4F0 /* Pods_Rendezvous.framework in Frameworks */ = {isa = PBXBuildFile; fileRef = 209574BF33E0946C344B608D /* Pods_Rendezvous.framework */; };
/* End PBXBuildFile section */

/* Begin PBXContainerItemProxy section */
		9EBE4777254744B30018F291 /* PBXContainerItemProxy */ = {
			isa = PBXContainerItemProxy;
			containerPortal = 9EBE4755254744B20018F291 /* Project object */;
			proxyType = 1;
			remoteGlobalIDString = 9EBE475C254744B20018F291;
			remoteInfo = Rendezvous;
		};
		9EBE4782254744B40018F291 /* PBXContainerItemProxy */ = {
			isa = PBXContainerItemProxy;
			containerPortal = 9EBE4755254744B20018F291 /* Project object */;
			proxyType = 1;
			remoteGlobalIDString = 9EBE475C254744B20018F291;
			remoteInfo = Rendezvous;
		};
/* End PBXContainerItemProxy section */

/* Begin PBXFileReference section */
		14FC7435199AF1267124D8D3 /* Pods_RendezvousTests.framework */ = {isa = PBXFileReference; explicitFileType = wrapper.framework; includeInIndex = 0; path = Pods_RendezvousTests.framework; sourceTree = BUILT_PRODUCTS_DIR; };
		209574BF33E0946C344B608D /* Pods_Rendezvous.framework */ = {isa = PBXFileReference; explicitFileType = wrapper.framework; includeInIndex = 0; path = Pods_Rendezvous.framework; sourceTree = BUILT_PRODUCTS_DIR; };
		370884B625546F4100F151A7 /* SetupProfileViewController.swift */ = {isa = PBXFileReference; lastKnownFileType = sourcecode.swift; path = SetupProfileViewController.swift; sourceTree = "<group>"; };
		370884CF2554A9E900F151A7 /* SelectInterestsViewController.swift */ = {isa = PBXFileReference; lastKnownFileType = sourcecode.swift; path = SelectInterestsViewController.swift; sourceTree = "<group>"; };
		370884D42554ADC700F151A7 /* InterestCell.swift */ = {isa = PBXFileReference; lastKnownFileType = sourcecode.swift; path = InterestCell.swift; sourceTree = "<group>"; };
		370884D52554ADC700F151A7 /* InterestCell.xib */ = {isa = PBXFileReference; lastKnownFileType = file.xib; path = InterestCell.xib; sourceTree = "<group>"; };
		370C6CA7255F5767008F2E72 /* Settings.storyboard */ = {isa = PBXFileReference; lastKnownFileType = file.storyboard; path = Settings.storyboard; sourceTree = "<group>"; };
		370C6CC725632861008F2E72 /* EditProfileViewController.swift */ = {isa = PBXFileReference; lastKnownFileType = sourcecode.swift; path = EditProfileViewController.swift; sourceTree = "<group>"; };
		370C6CCF25632870008F2E72 /* ManageAccountViewController.swift */ = {isa = PBXFileReference; lastKnownFileType = sourcecode.swift; path = ManageAccountViewController.swift; sourceTree = "<group>"; };
		370C6CDD2563624D008F2E72 /* ChangePasswordViewController.swift */ = {isa = PBXFileReference; lastKnownFileType = sourcecode.swift; path = ChangePasswordViewController.swift; sourceTree = "<group>"; };
		370C6CE2256378DD008F2E72 /* ChangeInterestsViewController.swift */ = {isa = PBXFileReference; lastKnownFileType = sourcecode.swift; path = ChangeInterestsViewController.swift; sourceTree = "<group>"; };
		3711109A256C3D890057EAFC /* MyProfileViewController.swift */ = {isa = PBXFileReference; lastKnownFileType = sourcecode.swift; path = MyProfileViewController.swift; sourceTree = "<group>"; };
		376F1B1F255BA3D1002A98B4 /* CustomViewFlowLayout.swift */ = {isa = PBXFileReference; lastKnownFileType = sourcecode.swift; path = CustomViewFlowLayout.swift; sourceTree = "<group>"; };
		37B25E32256EE5000048AA83 /* SwipeScreenUIView.swift */ = {isa = PBXFileReference; lastKnownFileType = sourcecode.swift; path = SwipeScreenUIView.swift; sourceTree = "<group>"; };
		37B25E3A256EE5430048AA83 /* ProfileViewModel.swift */ = {isa = PBXFileReference; lastKnownFileType = sourcecode.swift; name = ProfileViewModel.swift; path = "../../Swipe Screen Flow/ViewModels/ProfileViewModel.swift"; sourceTree = "<group>"; };
		37B25E3C256EE5990048AA83 /* SwipeScreenViewController.swift */ = {isa = PBXFileReference; lastKnownFileType = sourcecode.swift; path = SwipeScreenViewController.swift; sourceTree = "<group>"; };
		37B25E42256EE84D0048AA83 /* Chat.swift */ = {isa = PBXFileReference; lastKnownFileType = sourcecode.swift; path = Chat.swift; sourceTree = "<group>"; };
		37B25E4A256EE8860048AA83 /* Message.swift */ = {isa = PBXFileReference; lastKnownFileType = sourcecode.swift; path = Message.swift; sourceTree = "<group>"; };
		37B25E4F256EE8BD0048AA83 /* ChatViewController.swift */ = {isa = PBXFileReference; lastKnownFileType = sourcecode.swift; path = ChatViewController.swift; sourceTree = "<group>"; };
		37B25E5A256EEB120048AA83 /* ConversationsViewController.swift */ = {isa = PBXFileReference; lastKnownFileType = sourcecode.swift; path = ConversationsViewController.swift; sourceTree = "<group>"; };
		37B952692554BBA600D4AB05 /* UploadProfilePictureViewController.swift */ = {isa = PBXFileReference; lastKnownFileType = sourcecode.swift; path = UploadProfilePictureViewController.swift; sourceTree = "<group>"; };
		480DAFCC981B7E5F1670B36E /* Pods-Rendezvous-RendezvousUITests.release.xcconfig */ = {isa = PBXFileReference; includeInIndex = 1; lastKnownFileType = text.xcconfig; name = "Pods-Rendezvous-RendezvousUITests.release.xcconfig"; path = "Target Support Files/Pods-Rendezvous-RendezvousUITests/Pods-Rendezvous-RendezvousUITests.release.xcconfig"; sourceTree = "<group>"; };
		4975D7CCF391A15AE7DC3008 /* Pods-Rendezvous.release.xcconfig */ = {isa = PBXFileReference; includeInIndex = 1; lastKnownFileType = text.xcconfig; name = "Pods-Rendezvous.release.xcconfig"; path = "Target Support Files/Pods-Rendezvous/Pods-Rendezvous.release.xcconfig"; sourceTree = "<group>"; };
		9E57E34F2574D93D00368569 /* UserHelper.swift */ = {isa = PBXFileReference; lastKnownFileType = sourcecode.swift; path = UserHelper.swift; sourceTree = "<group>"; };
		9E9AAF4D254FD4E200995C76 /* Login.storyboard */ = {isa = PBXFileReference; lastKnownFileType = file.storyboard; path = Login.storyboard; sourceTree = "<group>"; };
		9E9AAF53254FD7B800995C76 /* User.swift */ = {isa = PBXFileReference; lastKnownFileType = sourcecode.swift; path = User.swift; sourceTree = "<group>"; };
		9E9AAF55254FFDB100995C76 /* LoginViewController.swift */ = {isa = PBXFileReference; lastKnownFileType = sourcecode.swift; path = LoginViewController.swift; sourceTree = "<group>"; };
		9E9AAF57254FFDC400995C76 /* SignUpViewController.swift */ = {isa = PBXFileReference; lastKnownFileType = sourcecode.swift; path = SignUpViewController.swift; sourceTree = "<group>"; };
		9E9AAF59255009A200995C76 /* GoogleService-Info.plist */ = {isa = PBXFileReference; fileEncoding = 4; lastKnownFileType = text.plist.xml; path = "GoogleService-Info.plist"; sourceTree = "<group>"; };
		9EBE475D254744B20018F291 /* Rendezvous.app */ = {isa = PBXFileReference; explicitFileType = wrapper.application; includeInIndex = 0; path = Rendezvous.app; sourceTree = BUILT_PRODUCTS_DIR; };
		9EBE4760254744B20018F291 /* AppDelegate.swift */ = {isa = PBXFileReference; lastKnownFileType = sourcecode.swift; path = AppDelegate.swift; sourceTree = "<group>"; };
		9EBE4762254744B20018F291 /* SceneDelegate.swift */ = {isa = PBXFileReference; lastKnownFileType = sourcecode.swift; path = SceneDelegate.swift; sourceTree = "<group>"; };
		9EBE4767254744B20018F291 /* Base */ = {isa = PBXFileReference; lastKnownFileType = file.storyboard; name = Base; path = Base.lproj/Main.storyboard; sourceTree = "<group>"; };
		9EBE476A254744B20018F291 /* Rendezvous.xcdatamodel */ = {isa = PBXFileReference; lastKnownFileType = wrapper.xcdatamodel; path = Rendezvous.xcdatamodel; sourceTree = "<group>"; };
		9EBE476C254744B30018F291 /* Assets.xcassets */ = {isa = PBXFileReference; lastKnownFileType = folder.assetcatalog; path = Assets.xcassets; sourceTree = "<group>"; };
		9EBE476F254744B30018F291 /* Base */ = {isa = PBXFileReference; lastKnownFileType = file.storyboard; name = Base; path = Base.lproj/LaunchScreen.storyboard; sourceTree = "<group>"; };
		9EBE4771254744B30018F291 /* Info.plist */ = {isa = PBXFileReference; lastKnownFileType = text.plist.xml; path = Info.plist; sourceTree = "<group>"; };
		9EBE4776254744B30018F291 /* RendezvousTests.xctest */ = {isa = PBXFileReference; explicitFileType = wrapper.cfbundle; includeInIndex = 0; path = RendezvousTests.xctest; sourceTree = BUILT_PRODUCTS_DIR; };
		9EBE477A254744B30018F291 /* RendezvousTests.swift */ = {isa = PBXFileReference; lastKnownFileType = sourcecode.swift; path = RendezvousTests.swift; sourceTree = "<group>"; };
		9EBE477C254744B30018F291 /* Info.plist */ = {isa = PBXFileReference; lastKnownFileType = text.plist.xml; path = Info.plist; sourceTree = "<group>"; };
		9EBE4781254744B40018F291 /* RendezvousUITests.xctest */ = {isa = PBXFileReference; explicitFileType = wrapper.cfbundle; includeInIndex = 0; path = RendezvousUITests.xctest; sourceTree = BUILT_PRODUCTS_DIR; };
		9EBE4785254744B40018F291 /* RendezvousUITests.swift */ = {isa = PBXFileReference; lastKnownFileType = sourcecode.swift; path = RendezvousUITests.swift; sourceTree = "<group>"; };
		9EBE4787254744B40018F291 /* Info.plist */ = {isa = PBXFileReference; lastKnownFileType = text.plist.xml; path = Info.plist; sourceTree = "<group>"; };
		A92BDC068C9E65F9658B47A6 /* Pods-RendezvousTests.debug.xcconfig */ = {isa = PBXFileReference; includeInIndex = 1; lastKnownFileType = text.xcconfig; name = "Pods-RendezvousTests.debug.xcconfig"; path = "Target Support Files/Pods-RendezvousTests/Pods-RendezvousTests.debug.xcconfig"; sourceTree = "<group>"; };
		C08EEF4557FDF9AA6E92BED2 /* Pods-Rendezvous-RendezvousUITests.debug.xcconfig */ = {isa = PBXFileReference; includeInIndex = 1; lastKnownFileType = text.xcconfig; name = "Pods-Rendezvous-RendezvousUITests.debug.xcconfig"; path = "Target Support Files/Pods-Rendezvous-RendezvousUITests/Pods-Rendezvous-RendezvousUITests.debug.xcconfig"; sourceTree = "<group>"; };
		D3BDE37430B17E70E244A598 /* Pods-RendezvousTests.release.xcconfig */ = {isa = PBXFileReference; includeInIndex = 1; lastKnownFileType = text.xcconfig; name = "Pods-RendezvousTests.release.xcconfig"; path = "Target Support Files/Pods-RendezvousTests/Pods-RendezvousTests.release.xcconfig"; sourceTree = "<group>"; };
		FC0C0BAEF78442A5447A9029 /* Pods_Rendezvous_RendezvousUITests.framework */ = {isa = PBXFileReference; explicitFileType = wrapper.framework; includeInIndex = 0; path = Pods_Rendezvous_RendezvousUITests.framework; sourceTree = BUILT_PRODUCTS_DIR; };
		FC9A60FBB5A8B882A8DB6EA7 /* Pods-Rendezvous.debug.xcconfig */ = {isa = PBXFileReference; includeInIndex = 1; lastKnownFileType = text.xcconfig; name = "Pods-Rendezvous.debug.xcconfig"; path = "Target Support Files/Pods-Rendezvous/Pods-Rendezvous.debug.xcconfig"; sourceTree = "<group>"; };
/* End PBXFileReference section */

/* Begin PBXFrameworksBuildPhase section */
		9EBE475A254744B20018F291 /* Frameworks */ = {
			isa = PBXFrameworksBuildPhase;
			buildActionMask = 2147483647;
			files = (
				F6CD4B1BDC404366E69EF4F0 /* Pods_Rendezvous.framework in Frameworks */,
			);
			runOnlyForDeploymentPostprocessing = 0;
		};
		9EBE4773254744B30018F291 /* Frameworks */ = {
			isa = PBXFrameworksBuildPhase;
			buildActionMask = 2147483647;
			files = (
				18015989C19DFFD00FDF59FC /* Pods_RendezvousTests.framework in Frameworks */,
			);
			runOnlyForDeploymentPostprocessing = 0;
		};
		9EBE477E254744B40018F291 /* Frameworks */ = {
			isa = PBXFrameworksBuildPhase;
			buildActionMask = 2147483647;
			files = (
				2A7D9BB5AD0CB6FAD18747C3 /* Pods_Rendezvous_RendezvousUITests.framework in Frameworks */,
			);
			runOnlyForDeploymentPostprocessing = 0;
		};
/* End PBXFrameworksBuildPhase section */

/* Begin PBXGroup section */
		370C6CA5255F574C008F2E72 /* Account Management Flow */ = {
			isa = PBXGroup;
			children = (
				370C6CA7255F5767008F2E72 /* Settings.storyboard */,
				370C6CC625632852008F2E72 /* ViewControllers */,
			);
			path = "Account Management Flow";
			sourceTree = "<group>";
		};
		370C6CC625632852008F2E72 /* ViewControllers */ = {
			isa = PBXGroup;
			children = (
				370C6CC725632861008F2E72 /* EditProfileViewController.swift */,
				370C6CCF25632870008F2E72 /* ManageAccountViewController.swift */,
				370C6CDD2563624D008F2E72 /* ChangePasswordViewController.swift */,
				370C6CE2256378DD008F2E72 /* ChangeInterestsViewController.swift */,
			);
			path = ViewControllers;
			sourceTree = "<group>";
		};
		37B25E2F256EE4880048AA83 /* Swipe Screen Flow */ = {
			isa = PBXGroup;
			children = (
				37B25E31256EE4CA0048AA83 /* SwiftUIViews */,
				37B25E30256EE49B0048AA83 /* ViewModels */,
			);
			path = "Swipe Screen Flow";
			sourceTree = "<group>";
		};
		37B25E30256EE49B0048AA83 /* ViewModels */ = {
			isa = PBXGroup;
			children = (
				37B25E3A256EE5430048AA83 /* ProfileViewModel.swift */,
			);
			path = ViewModels;
			sourceTree = "<group>";
		};
		37B25E31256EE4CA0048AA83 /* SwiftUIViews */ = {
			isa = PBXGroup;
			children = (
				37B25E32256EE5000048AA83 /* SwipeScreenUIView.swift */,
			);
			path = SwiftUIViews;
			sourceTree = "<group>";
		};
		37B25E41256EE8390048AA83 /* ViewControllers */ = {
			isa = PBXGroup;
			children = (
				37B25E4F256EE8BD0048AA83 /* ChatViewController.swift */,
			);
			path = ViewControllers;
			sourceTree = "<group>";
		};
		37E2A4B5255350D400CE5BB6 /* ViewControllers */ = {
			isa = PBXGroup;
			children = (
				9E9AAF55254FFDB100995C76 /* LoginViewController.swift */,
				9E9AAF57254FFDC400995C76 /* SignUpViewController.swift */,
				370884B625546F4100F151A7 /* SetupProfileViewController.swift */,
				370884CF2554A9E900F151A7 /* SelectInterestsViewController.swift */,
				370884D42554ADC700F151A7 /* InterestCell.swift */,
				370884D52554ADC700F151A7 /* InterestCell.xib */,
				37B952692554BBA600D4AB05 /* UploadProfilePictureViewController.swift */,
				376F1B1F255BA3D1002A98B4 /* CustomViewFlowLayout.swift */,
			);
			path = ViewControllers;
			sourceTree = "<group>";
		};
		37E2A4B6255350E100CE5BB6 /* ViewControllers */ = {
			isa = PBXGroup;
			children = (
				3711109A256C3D890057EAFC /* MyProfileViewController.swift */,
				37B25E3C256EE5990048AA83 /* SwipeScreenViewController.swift */,
				37B25E5A256EEB120048AA83 /* ConversationsViewController.swift */,
			);
			path = ViewControllers;
			sourceTree = "<group>";
		};
		3D610FF7F1CE4C597AA2376C /* Frameworks */ = {
			isa = PBXGroup;
			children = (
				209574BF33E0946C344B608D /* Pods_Rendezvous.framework */,
				FC0C0BAEF78442A5447A9029 /* Pods_Rendezvous_RendezvousUITests.framework */,
				14FC7435199AF1267124D8D3 /* Pods_RendezvousTests.framework */,
			);
			name = Frameworks;
			sourceTree = "<group>";
		};
		9E57E34C2574D66C00368569 /* Utility */ = {
			isa = PBXGroup;
			children = (
				9E57E34F2574D93D00368569 /* UserHelper.swift */,
			);
			path = Utility;
			sourceTree = "<group>";
		};
		9E9AAF4C254FD4B300995C76 /* Sign Up & Login Flow */ = {
			isa = PBXGroup;
			children = (
				9E9AAF4D254FD4E200995C76 /* Login.storyboard */,
				9E9AAF53254FD7B800995C76 /* User.swift */,
				37E2A4B5255350D400CE5BB6 /* ViewControllers */,
			);
			path = "Sign Up & Login Flow";
			sourceTree = "<group>";
		};
		9EBE4754254744B20018F291 = {
			isa = PBXGroup;
			children = (
				9EBE475F254744B20018F291 /* Rendezvous */,
				9EBE4779254744B30018F291 /* RendezvousTests */,
				9EBE4784254744B40018F291 /* RendezvousUITests */,
				9EBE475E254744B20018F291 /* Products */,
				E61D3A4D102005CD314E25A2 /* Pods */,
				3D610FF7F1CE4C597AA2376C /* Frameworks */,
			);
			sourceTree = "<group>";
		};
		9EBE475E254744B20018F291 /* Products */ = {
			isa = PBXGroup;
			children = (
				9EBE475D254744B20018F291 /* Rendezvous.app */,
				9EBE4776254744B30018F291 /* RendezvousTests.xctest */,
				9EBE4781254744B40018F291 /* RendezvousUITests.xctest */,
			);
			name = Products;
			sourceTree = "<group>";
		};
		9EBE475F254744B20018F291 /* Rendezvous */ = {
			isa = PBXGroup;
			children = (
				9E57E34C2574D66C00368569 /* Utility */,
				37B25E2F256EE4880048AA83 /* Swipe Screen Flow */,
				370C6CA5255F574C008F2E72 /* Account Management Flow */,
				9EE9865725534E4E00540CD6 /* Messages Flow */,
				9EE9865525534CE300540CD6 /* Main User Flow */,
				9E9AAF4C254FD4B300995C76 /* Sign Up & Login Flow */,
				9EBE4760254744B20018F291 /* AppDelegate.swift */,
				9EBE4762254744B20018F291 /* SceneDelegate.swift */,
				9EBE476C254744B30018F291 /* Assets.xcassets */,
				9EBE476E254744B30018F291 /* LaunchScreen.storyboard */,
				9EBE4771254744B30018F291 /* Info.plist */,
				9EBE4769254744B20018F291 /* Rendezvous.xcdatamodeld */,
				9E9AAF59255009A200995C76 /* GoogleService-Info.plist */,
			);
			path = Rendezvous;
			sourceTree = "<group>";
		};
		9EBE4779254744B30018F291 /* RendezvousTests */ = {
			isa = PBXGroup;
			children = (
				9EBE477A254744B30018F291 /* RendezvousTests.swift */,
				9EBE477C254744B30018F291 /* Info.plist */,
			);
			path = RendezvousTests;
			sourceTree = "<group>";
		};
		9EBE4784254744B40018F291 /* RendezvousUITests */ = {
			isa = PBXGroup;
			children = (
				9EBE4785254744B40018F291 /* RendezvousUITests.swift */,
				9EBE4787254744B40018F291 /* Info.plist */,
			);
			path = RendezvousUITests;
			sourceTree = "<group>";
		};
		9EE9865525534CE300540CD6 /* Main User Flow */ = {
			isa = PBXGroup;
			children = (
				9EBE4766254744B20018F291 /* Main.storyboard */,
				37E2A4B6255350E100CE5BB6 /* ViewControllers */,
			);
			path = "Main User Flow";
			sourceTree = "<group>";
		};
		9EE9865725534E4E00540CD6 /* Messages Flow */ = {
			isa = PBXGroup;
			children = (
				37B25E42256EE84D0048AA83 /* Chat.swift */,
				37B25E4A256EE8860048AA83 /* Message.swift */,
				37B25E41256EE8390048AA83 /* ViewControllers */,
			);
			path = "Messages Flow";
			sourceTree = "<group>";
		};
		E61D3A4D102005CD314E25A2 /* Pods */ = {
			isa = PBXGroup;
			children = (
				FC9A60FBB5A8B882A8DB6EA7 /* Pods-Rendezvous.debug.xcconfig */,
				4975D7CCF391A15AE7DC3008 /* Pods-Rendezvous.release.xcconfig */,
				C08EEF4557FDF9AA6E92BED2 /* Pods-Rendezvous-RendezvousUITests.debug.xcconfig */,
				480DAFCC981B7E5F1670B36E /* Pods-Rendezvous-RendezvousUITests.release.xcconfig */,
				A92BDC068C9E65F9658B47A6 /* Pods-RendezvousTests.debug.xcconfig */,
				D3BDE37430B17E70E244A598 /* Pods-RendezvousTests.release.xcconfig */,
			);
			path = Pods;
			sourceTree = "<group>";
		};
/* End PBXGroup section */

/* Begin PBXNativeTarget section */
		9EBE475C254744B20018F291 /* Rendezvous */ = {
			isa = PBXNativeTarget;
			buildConfigurationList = 9EBE478A254744B40018F291 /* Build configuration list for PBXNativeTarget "Rendezvous" */;
			buildPhases = (
				E2DDF7B634706570FF25F964 /* [CP] Check Pods Manifest.lock */,
				9EBE4759254744B20018F291 /* Sources */,
				9EBE475A254744B20018F291 /* Frameworks */,
				9EBE475B254744B20018F291 /* Resources */,
				CC8C08C4A0FAD2190CFAC22F /* [CP] Embed Pods Frameworks */,
			);
			buildRules = (
			);
			dependencies = (
			);
			name = Rendezvous;
			productName = Rendezvous;
			productReference = 9EBE475D254744B20018F291 /* Rendezvous.app */;
			productType = "com.apple.product-type.application";
		};
		9EBE4775254744B30018F291 /* RendezvousTests */ = {
			isa = PBXNativeTarget;
			buildConfigurationList = 9EBE478D254744B40018F291 /* Build configuration list for PBXNativeTarget "RendezvousTests" */;
			buildPhases = (
				C97487151C1DC9A3F15615A2 /* [CP] Check Pods Manifest.lock */,
				9EBE4772254744B30018F291 /* Sources */,
				9EBE4773254744B30018F291 /* Frameworks */,
				9EBE4774254744B30018F291 /* Resources */,
			);
			buildRules = (
			);
			dependencies = (
				9EBE4778254744B30018F291 /* PBXTargetDependency */,
			);
			name = RendezvousTests;
			productName = RendezvousTests;
			productReference = 9EBE4776254744B30018F291 /* RendezvousTests.xctest */;
			productType = "com.apple.product-type.bundle.unit-test";
		};
		9EBE4780254744B40018F291 /* RendezvousUITests */ = {
			isa = PBXNativeTarget;
			buildConfigurationList = 9EBE4790254744B40018F291 /* Build configuration list for PBXNativeTarget "RendezvousUITests" */;
			buildPhases = (
				5BD497E836FA7ADF9E1DA4C4 /* [CP] Check Pods Manifest.lock */,
				9EBE477D254744B40018F291 /* Sources */,
				9EBE477E254744B40018F291 /* Frameworks */,
				9EBE477F254744B40018F291 /* Resources */,
				81981D7307419940303AD058 /* [CP] Embed Pods Frameworks */,
			);
			buildRules = (
			);
			dependencies = (
				9EBE4783254744B40018F291 /* PBXTargetDependency */,
			);
			name = RendezvousUITests;
			productName = RendezvousUITests;
			productReference = 9EBE4781254744B40018F291 /* RendezvousUITests.xctest */;
			productType = "com.apple.product-type.bundle.ui-testing";
		};
/* End PBXNativeTarget section */

/* Begin PBXProject section */
		9EBE4755254744B20018F291 /* Project object */ = {
			isa = PBXProject;
			attributes = {
				LastSwiftUpdateCheck = 1130;
				LastUpgradeCheck = 1130;
				ORGANIZATIONNAME = NYUiOS;
				TargetAttributes = {
					9EBE475C254744B20018F291 = {
						CreatedOnToolsVersion = 11.3.1;
					};
					9EBE4775254744B30018F291 = {
						CreatedOnToolsVersion = 11.3.1;
						TestTargetID = 9EBE475C254744B20018F291;
					};
					9EBE4780254744B40018F291 = {
						CreatedOnToolsVersion = 11.3.1;
						TestTargetID = 9EBE475C254744B20018F291;
					};
				};
			};
			buildConfigurationList = 9EBE4758254744B20018F291 /* Build configuration list for PBXProject "Rendezvous" */;
			compatibilityVersion = "Xcode 9.3";
			developmentRegion = en;
			hasScannedForEncodings = 0;
			knownRegions = (
				en,
				Base,
			);
			mainGroup = 9EBE4754254744B20018F291;
			productRefGroup = 9EBE475E254744B20018F291 /* Products */;
			projectDirPath = "";
			projectRoot = "";
			targets = (
				9EBE475C254744B20018F291 /* Rendezvous */,
				9EBE4775254744B30018F291 /* RendezvousTests */,
				9EBE4780254744B40018F291 /* RendezvousUITests */,
			);
		};
/* End PBXProject section */

/* Begin PBXResourcesBuildPhase section */
		9EBE475B254744B20018F291 /* Resources */ = {
			isa = PBXResourcesBuildPhase;
			buildActionMask = 2147483647;
			files = (
				370884D72554ADC700F151A7 /* InterestCell.xib in Resources */,
				9E9AAF5A255009A200995C76 /* GoogleService-Info.plist in Resources */,
				370C6CA8255F5767008F2E72 /* Settings.storyboard in Resources */,
				9E9AAF4E254FD4E200995C76 /* Login.storyboard in Resources */,
				9EBE4770254744B30018F291 /* LaunchScreen.storyboard in Resources */,
				9EBE476D254744B30018F291 /* Assets.xcassets in Resources */,
				9EBE4768254744B20018F291 /* Main.storyboard in Resources */,
			);
			runOnlyForDeploymentPostprocessing = 0;
		};
		9EBE4774254744B30018F291 /* Resources */ = {
			isa = PBXResourcesBuildPhase;
			buildActionMask = 2147483647;
			files = (
			);
			runOnlyForDeploymentPostprocessing = 0;
		};
		9EBE477F254744B40018F291 /* Resources */ = {
			isa = PBXResourcesBuildPhase;
			buildActionMask = 2147483647;
			files = (
			);
			runOnlyForDeploymentPostprocessing = 0;
		};
/* End PBXResourcesBuildPhase section */

/* Begin PBXShellScriptBuildPhase section */
		5BD497E836FA7ADF9E1DA4C4 /* [CP] Check Pods Manifest.lock */ = {
			isa = PBXShellScriptBuildPhase;
			buildActionMask = 2147483647;
			files = (
			);
			inputFileListPaths = (
			);
			inputPaths = (
				"${PODS_PODFILE_DIR_PATH}/Podfile.lock",
				"${PODS_ROOT}/Manifest.lock",
			);
			name = "[CP] Check Pods Manifest.lock";
			outputFileListPaths = (
			);
			outputPaths = (
				"$(DERIVED_FILE_DIR)/Pods-Rendezvous-RendezvousUITests-checkManifestLockResult.txt",
			);
			runOnlyForDeploymentPostprocessing = 0;
			shellPath = /bin/sh;
			shellScript = "diff \"${PODS_PODFILE_DIR_PATH}/Podfile.lock\" \"${PODS_ROOT}/Manifest.lock\" > /dev/null\nif [ $? != 0 ] ; then\n    # print error to STDERR\n    echo \"error: The sandbox is not in sync with the Podfile.lock. Run 'pod install' or update your CocoaPods installation.\" >&2\n    exit 1\nfi\n# This output is used by Xcode 'outputs' to avoid re-running this script phase.\necho \"SUCCESS\" > \"${SCRIPT_OUTPUT_FILE_0}\"\n";
			showEnvVarsInLog = 0;
		};
		81981D7307419940303AD058 /* [CP] Embed Pods Frameworks */ = {
			isa = PBXShellScriptBuildPhase;
			buildActionMask = 2147483647;
			files = (
			);
			inputFileListPaths = (
				"${PODS_ROOT}/Target Support Files/Pods-Rendezvous-RendezvousUITests/Pods-Rendezvous-RendezvousUITests-frameworks-${CONFIGURATION}-input-files.xcfilelist",
			);
			name = "[CP] Embed Pods Frameworks";
			outputFileListPaths = (
				"${PODS_ROOT}/Target Support Files/Pods-Rendezvous-RendezvousUITests/Pods-Rendezvous-RendezvousUITests-frameworks-${CONFIGURATION}-output-files.xcfilelist",
			);
			runOnlyForDeploymentPostprocessing = 0;
			shellPath = /bin/sh;
			shellScript = "\"${PODS_ROOT}/Target Support Files/Pods-Rendezvous-RendezvousUITests/Pods-Rendezvous-RendezvousUITests-frameworks.sh\"\n";
			showEnvVarsInLog = 0;
		};
		C97487151C1DC9A3F15615A2 /* [CP] Check Pods Manifest.lock */ = {
			isa = PBXShellScriptBuildPhase;
			buildActionMask = 2147483647;
			files = (
			);
			inputFileListPaths = (
			);
			inputPaths = (
				"${PODS_PODFILE_DIR_PATH}/Podfile.lock",
				"${PODS_ROOT}/Manifest.lock",
			);
			name = "[CP] Check Pods Manifest.lock";
			outputFileListPaths = (
			);
			outputPaths = (
				"$(DERIVED_FILE_DIR)/Pods-RendezvousTests-checkManifestLockResult.txt",
			);
			runOnlyForDeploymentPostprocessing = 0;
			shellPath = /bin/sh;
			shellScript = "diff \"${PODS_PODFILE_DIR_PATH}/Podfile.lock\" \"${PODS_ROOT}/Manifest.lock\" > /dev/null\nif [ $? != 0 ] ; then\n    # print error to STDERR\n    echo \"error: The sandbox is not in sync with the Podfile.lock. Run 'pod install' or update your CocoaPods installation.\" >&2\n    exit 1\nfi\n# This output is used by Xcode 'outputs' to avoid re-running this script phase.\necho \"SUCCESS\" > \"${SCRIPT_OUTPUT_FILE_0}\"\n";
			showEnvVarsInLog = 0;
		};
		CC8C08C4A0FAD2190CFAC22F /* [CP] Embed Pods Frameworks */ = {
			isa = PBXShellScriptBuildPhase;
			buildActionMask = 2147483647;
			files = (
			);
			inputFileListPaths = (
				"${PODS_ROOT}/Target Support Files/Pods-Rendezvous/Pods-Rendezvous-frameworks-${CONFIGURATION}-input-files.xcfilelist",
			);
			name = "[CP] Embed Pods Frameworks";
			outputFileListPaths = (
				"${PODS_ROOT}/Target Support Files/Pods-Rendezvous/Pods-Rendezvous-frameworks-${CONFIGURATION}-output-files.xcfilelist",
			);
			runOnlyForDeploymentPostprocessing = 0;
			shellPath = /bin/sh;
			shellScript = "\"${PODS_ROOT}/Target Support Files/Pods-Rendezvous/Pods-Rendezvous-frameworks.sh\"\n";
			showEnvVarsInLog = 0;
		};
		E2DDF7B634706570FF25F964 /* [CP] Check Pods Manifest.lock */ = {
			isa = PBXShellScriptBuildPhase;
			buildActionMask = 2147483647;
			files = (
			);
			inputFileListPaths = (
			);
			inputPaths = (
				"${PODS_PODFILE_DIR_PATH}/Podfile.lock",
				"${PODS_ROOT}/Manifest.lock",
			);
			name = "[CP] Check Pods Manifest.lock";
			outputFileListPaths = (
			);
			outputPaths = (
				"$(DERIVED_FILE_DIR)/Pods-Rendezvous-checkManifestLockResult.txt",
			);
			runOnlyForDeploymentPostprocessing = 0;
			shellPath = /bin/sh;
			shellScript = "diff \"${PODS_PODFILE_DIR_PATH}/Podfile.lock\" \"${PODS_ROOT}/Manifest.lock\" > /dev/null\nif [ $? != 0 ] ; then\n    # print error to STDERR\n    echo \"error: The sandbox is not in sync with the Podfile.lock. Run 'pod install' or update your CocoaPods installation.\" >&2\n    exit 1\nfi\n# This output is used by Xcode 'outputs' to avoid re-running this script phase.\necho \"SUCCESS\" > \"${SCRIPT_OUTPUT_FILE_0}\"\n";
			showEnvVarsInLog = 0;
		};
/* End PBXShellScriptBuildPhase section */

/* Begin PBXSourcesBuildPhase section */
		9EBE4759254744B20018F291 /* Sources */ = {
			isa = PBXSourcesBuildPhase;
			buildActionMask = 2147483647;
			files = (
				370884B725546F4100F151A7 /* SetupProfileViewController.swift in Sources */,
				37B25E3B256EE5430048AA83 /* ProfileViewModel.swift in Sources */,
				9E57E3502574D93D00368569 /* UserHelper.swift in Sources */,
				37B25E50256EE8BD0048AA83 /* ChatViewController.swift in Sources */,
				370C6CE3256378DE008F2E72 /* ChangeInterestsViewController.swift in Sources */,
				9E9AAF58254FFDC400995C76 /* SignUpViewController.swift in Sources */,
				37B9526A2554BBA600D4AB05 /* UploadProfilePictureViewController.swift in Sources */,
				37B25E3D256EE5990048AA83 /* SwipeScreenViewController.swift in Sources */,
				37B25E4B256EE8860048AA83 /* Message.swift in Sources */,
				9EBE476B254744B20018F291 /* Rendezvous.xcdatamodeld in Sources */,
				370884D62554ADC700F151A7 /* InterestCell.swift in Sources */,
				376F1B20255BA3D1002A98B4 /* CustomViewFlowLayout.swift in Sources */,
				9E9AAF56254FFDB100995C76 /* LoginViewController.swift in Sources */,
				370C6CD025632870008F2E72 /* ManageAccountViewController.swift in Sources */,
				9EBE4761254744B20018F291 /* AppDelegate.swift in Sources */,
				370C6CC825632861008F2E72 /* EditProfileViewController.swift in Sources */,
				37B25E43256EE84D0048AA83 /* Chat.swift in Sources */,
				9E9AAF54254FD7B800995C76 /* User.swift in Sources */,
				37B25E33256EE5000048AA83 /* SwipeScreenUIView.swift in Sources */,
				370884D02554A9E900F151A7 /* SelectInterestsViewController.swift in Sources */,
				9EBE4763254744B20018F291 /* SceneDelegate.swift in Sources */,
				3711109B256C3D890057EAFC /* MyProfileViewController.swift in Sources */,
				370C6CDE2563624D008F2E72 /* ChangePasswordViewController.swift in Sources */,
				37B25E5B256EEB120048AA83 /* ConversationsViewController.swift in Sources */,
			);
			runOnlyForDeploymentPostprocessing = 0;
		};
		9EBE4772254744B30018F291 /* Sources */ = {
			isa = PBXSourcesBuildPhase;
			buildActionMask = 2147483647;
			files = (
				9EBE477B254744B30018F291 /* RendezvousTests.swift in Sources */,
			);
			runOnlyForDeploymentPostprocessing = 0;
		};
		9EBE477D254744B40018F291 /* Sources */ = {
			isa = PBXSourcesBuildPhase;
			buildActionMask = 2147483647;
			files = (
				9EBE4786254744B40018F291 /* RendezvousUITests.swift in Sources */,
			);
			runOnlyForDeploymentPostprocessing = 0;
		};
/* End PBXSourcesBuildPhase section */

/* Begin PBXTargetDependency section */
		9EBE4778254744B30018F291 /* PBXTargetDependency */ = {
			isa = PBXTargetDependency;
			target = 9EBE475C254744B20018F291 /* Rendezvous */;
			targetProxy = 9EBE4777254744B30018F291 /* PBXContainerItemProxy */;
		};
		9EBE4783254744B40018F291 /* PBXTargetDependency */ = {
			isa = PBXTargetDependency;
			target = 9EBE475C254744B20018F291 /* Rendezvous */;
			targetProxy = 9EBE4782254744B40018F291 /* PBXContainerItemProxy */;
		};
/* End PBXTargetDependency section */

/* Begin PBXVariantGroup section */
		9EBE4766254744B20018F291 /* Main.storyboard */ = {
			isa = PBXVariantGroup;
			children = (
				9EBE4767254744B20018F291 /* Base */,
			);
			name = Main.storyboard;
			sourceTree = "<group>";
		};
		9EBE476E254744B30018F291 /* LaunchScreen.storyboard */ = {
			isa = PBXVariantGroup;
			children = (
				9EBE476F254744B30018F291 /* Base */,
			);
			name = LaunchScreen.storyboard;
			sourceTree = "<group>";
		};
/* End PBXVariantGroup section */

/* Begin XCBuildConfiguration section */
		9EBE4788254744B40018F291 /* Debug */ = {
			isa = XCBuildConfiguration;
			buildSettings = {
				ALWAYS_SEARCH_USER_PATHS = NO;
				CLANG_ANALYZER_NONNULL = YES;
				CLANG_ANALYZER_NUMBER_OBJECT_CONVERSION = YES_AGGRESSIVE;
				CLANG_CXX_LANGUAGE_STANDARD = "gnu++14";
				CLANG_CXX_LIBRARY = "libc++";
				CLANG_ENABLE_MODULES = YES;
				CLANG_ENABLE_OBJC_ARC = YES;
				CLANG_ENABLE_OBJC_WEAK = YES;
				CLANG_WARN_BLOCK_CAPTURE_AUTORELEASING = YES;
				CLANG_WARN_BOOL_CONVERSION = YES;
				CLANG_WARN_COMMA = YES;
				CLANG_WARN_CONSTANT_CONVERSION = YES;
				CLANG_WARN_DEPRECATED_OBJC_IMPLEMENTATIONS = YES;
				CLANG_WARN_DIRECT_OBJC_ISA_USAGE = YES_ERROR;
				CLANG_WARN_DOCUMENTATION_COMMENTS = YES;
				CLANG_WARN_EMPTY_BODY = YES;
				CLANG_WARN_ENUM_CONVERSION = YES;
				CLANG_WARN_INFINITE_RECURSION = YES;
				CLANG_WARN_INT_CONVERSION = YES;
				CLANG_WARN_NON_LITERAL_NULL_CONVERSION = YES;
				CLANG_WARN_OBJC_IMPLICIT_RETAIN_SELF = YES;
				CLANG_WARN_OBJC_LITERAL_CONVERSION = YES;
				CLANG_WARN_OBJC_ROOT_CLASS = YES_ERROR;
				CLANG_WARN_RANGE_LOOP_ANALYSIS = YES;
				CLANG_WARN_STRICT_PROTOTYPES = YES;
				CLANG_WARN_SUSPICIOUS_MOVE = YES;
				CLANG_WARN_UNGUARDED_AVAILABILITY = YES_AGGRESSIVE;
				CLANG_WARN_UNREACHABLE_CODE = YES;
				CLANG_WARN__DUPLICATE_METHOD_MATCH = YES;
				COPY_PHASE_STRIP = NO;
				DEBUG_INFORMATION_FORMAT = dwarf;
				ENABLE_STRICT_OBJC_MSGSEND = YES;
				ENABLE_TESTABILITY = YES;
				GCC_C_LANGUAGE_STANDARD = gnu11;
				GCC_DYNAMIC_NO_PIC = NO;
				GCC_NO_COMMON_BLOCKS = YES;
				GCC_OPTIMIZATION_LEVEL = 0;
				GCC_PREPROCESSOR_DEFINITIONS = (
					"DEBUG=1",
					"$(inherited)",
				);
				GCC_WARN_64_TO_32_BIT_CONVERSION = YES;
				GCC_WARN_ABOUT_RETURN_TYPE = YES_ERROR;
				GCC_WARN_UNDECLARED_SELECTOR = YES;
				GCC_WARN_UNINITIALIZED_AUTOS = YES_AGGRESSIVE;
				GCC_WARN_UNUSED_FUNCTION = YES;
				GCC_WARN_UNUSED_VARIABLE = YES;
				IPHONEOS_DEPLOYMENT_TARGET = 13.2;
				MTL_ENABLE_DEBUG_INFO = INCLUDE_SOURCE;
				MTL_FAST_MATH = YES;
				ONLY_ACTIVE_ARCH = YES;
				SDKROOT = iphoneos;
				SWIFT_ACTIVE_COMPILATION_CONDITIONS = DEBUG;
				SWIFT_OPTIMIZATION_LEVEL = "-Onone";
			};
			name = Debug;
		};
		9EBE4789254744B40018F291 /* Release */ = {
			isa = XCBuildConfiguration;
			buildSettings = {
				ALWAYS_SEARCH_USER_PATHS = NO;
				CLANG_ANALYZER_NONNULL = YES;
				CLANG_ANALYZER_NUMBER_OBJECT_CONVERSION = YES_AGGRESSIVE;
				CLANG_CXX_LANGUAGE_STANDARD = "gnu++14";
				CLANG_CXX_LIBRARY = "libc++";
				CLANG_ENABLE_MODULES = YES;
				CLANG_ENABLE_OBJC_ARC = YES;
				CLANG_ENABLE_OBJC_WEAK = YES;
				CLANG_WARN_BLOCK_CAPTURE_AUTORELEASING = YES;
				CLANG_WARN_BOOL_CONVERSION = YES;
				CLANG_WARN_COMMA = YES;
				CLANG_WARN_CONSTANT_CONVERSION = YES;
				CLANG_WARN_DEPRECATED_OBJC_IMPLEMENTATIONS = YES;
				CLANG_WARN_DIRECT_OBJC_ISA_USAGE = YES_ERROR;
				CLANG_WARN_DOCUMENTATION_COMMENTS = YES;
				CLANG_WARN_EMPTY_BODY = YES;
				CLANG_WARN_ENUM_CONVERSION = YES;
				CLANG_WARN_INFINITE_RECURSION = YES;
				CLANG_WARN_INT_CONVERSION = YES;
				CLANG_WARN_NON_LITERAL_NULL_CONVERSION = YES;
				CLANG_WARN_OBJC_IMPLICIT_RETAIN_SELF = YES;
				CLANG_WARN_OBJC_LITERAL_CONVERSION = YES;
				CLANG_WARN_OBJC_ROOT_CLASS = YES_ERROR;
				CLANG_WARN_RANGE_LOOP_ANALYSIS = YES;
				CLANG_WARN_STRICT_PROTOTYPES = YES;
				CLANG_WARN_SUSPICIOUS_MOVE = YES;
				CLANG_WARN_UNGUARDED_AVAILABILITY = YES_AGGRESSIVE;
				CLANG_WARN_UNREACHABLE_CODE = YES;
				CLANG_WARN__DUPLICATE_METHOD_MATCH = YES;
				COPY_PHASE_STRIP = NO;
				DEBUG_INFORMATION_FORMAT = "dwarf-with-dsym";
				ENABLE_NS_ASSERTIONS = NO;
				ENABLE_STRICT_OBJC_MSGSEND = YES;
				GCC_C_LANGUAGE_STANDARD = gnu11;
				GCC_NO_COMMON_BLOCKS = YES;
				GCC_WARN_64_TO_32_BIT_CONVERSION = YES;
				GCC_WARN_ABOUT_RETURN_TYPE = YES_ERROR;
				GCC_WARN_UNDECLARED_SELECTOR = YES;
				GCC_WARN_UNINITIALIZED_AUTOS = YES_AGGRESSIVE;
				GCC_WARN_UNUSED_FUNCTION = YES;
				GCC_WARN_UNUSED_VARIABLE = YES;
				IPHONEOS_DEPLOYMENT_TARGET = 13.2;
				MTL_ENABLE_DEBUG_INFO = NO;
				MTL_FAST_MATH = YES;
				SDKROOT = iphoneos;
				SWIFT_COMPILATION_MODE = wholemodule;
				SWIFT_OPTIMIZATION_LEVEL = "-O";
				VALIDATE_PRODUCT = YES;
			};
			name = Release;
		};
		9EBE478B254744B40018F291 /* Debug */ = {
			isa = XCBuildConfiguration;
			baseConfigurationReference = FC9A60FBB5A8B882A8DB6EA7 /* Pods-Rendezvous.debug.xcconfig */;
			buildSettings = {
				ASSETCATALOG_COMPILER_APPICON_NAME = AppIcon;
				CODE_SIGN_STYLE = Automatic;
				DEVELOPMENT_TEAM = F62FLBQW85;
				INFOPLIST_FILE = Rendezvous/Info.plist;
				LD_RUNPATH_SEARCH_PATHS = (
					"$(inherited)",
					"@executable_path/Frameworks",
				);
				PRODUCT_BUNDLE_IDENTIFIER = BingChen.Rendezvous;
				PRODUCT_NAME = "$(TARGET_NAME)";
				SWIFT_VERSION = 5.0;
				TARGETED_DEVICE_FAMILY = "1,2";
			};
			name = Debug;
		};
		9EBE478C254744B40018F291 /* Release */ = {
			isa = XCBuildConfiguration;
			baseConfigurationReference = 4975D7CCF391A15AE7DC3008 /* Pods-Rendezvous.release.xcconfig */;
			buildSettings = {
				ASSETCATALOG_COMPILER_APPICON_NAME = AppIcon;
				CODE_SIGN_STYLE = Automatic;
				DEVELOPMENT_TEAM = F62FLBQW85;
				INFOPLIST_FILE = Rendezvous/Info.plist;
				LD_RUNPATH_SEARCH_PATHS = (
					"$(inherited)",
					"@executable_path/Frameworks",
				);
				PRODUCT_BUNDLE_IDENTIFIER = BingChen.Rendezvous;
				PRODUCT_NAME = "$(TARGET_NAME)";
				SWIFT_VERSION = 5.0;
				TARGETED_DEVICE_FAMILY = "1,2";
			};
			name = Release;
		};
		9EBE478E254744B40018F291 /* Debug */ = {
			isa = XCBuildConfiguration;
			baseConfigurationReference = A92BDC068C9E65F9658B47A6 /* Pods-RendezvousTests.debug.xcconfig */;
			buildSettings = {
				ALWAYS_EMBED_SWIFT_STANDARD_LIBRARIES = YES;
				BUNDLE_LOADER = "$(TEST_HOST)";
				CODE_SIGN_STYLE = Automatic;
				DEVELOPMENT_TEAM = 899E5987EP;
				INFOPLIST_FILE = RendezvousTests/Info.plist;
				IPHONEOS_DEPLOYMENT_TARGET = 13.2;
				LD_RUNPATH_SEARCH_PATHS = (
					"$(inherited)",
					"@executable_path/Frameworks",
					"@loader_path/Frameworks",
				);
				PRODUCT_BUNDLE_IDENTIFIER = NYUiOS.RendezvousTests;
				PRODUCT_NAME = "$(TARGET_NAME)";
				SWIFT_VERSION = 5.0;
				TARGETED_DEVICE_FAMILY = "1,2";
				TEST_HOST = "$(BUILT_PRODUCTS_DIR)/Rendezvous.app/Rendezvous";
			};
			name = Debug;
		};
		9EBE478F254744B40018F291 /* Release */ = {
			isa = XCBuildConfiguration;
			baseConfigurationReference = D3BDE37430B17E70E244A598 /* Pods-RendezvousTests.release.xcconfig */;
			buildSettings = {
				ALWAYS_EMBED_SWIFT_STANDARD_LIBRARIES = YES;
				BUNDLE_LOADER = "$(TEST_HOST)";
				CODE_SIGN_STYLE = Automatic;
				DEVELOPMENT_TEAM = 899E5987EP;
				INFOPLIST_FILE = RendezvousTests/Info.plist;
				IPHONEOS_DEPLOYMENT_TARGET = 13.2;
				LD_RUNPATH_SEARCH_PATHS = (
					"$(inherited)",
					"@executable_path/Frameworks",
					"@loader_path/Frameworks",
				);
				PRODUCT_BUNDLE_IDENTIFIER = NYUiOS.RendezvousTests;
				PRODUCT_NAME = "$(TARGET_NAME)";
				SWIFT_VERSION = 5.0;
				TARGETED_DEVICE_FAMILY = "1,2";
				TEST_HOST = "$(BUILT_PRODUCTS_DIR)/Rendezvous.app/Rendezvous";
			};
			name = Release;
		};
		9EBE4791254744B40018F291 /* Debug */ = {
			isa = XCBuildConfiguration;
			baseConfigurationReference = C08EEF4557FDF9AA6E92BED2 /* Pods-Rendezvous-RendezvousUITests.debug.xcconfig */;
			buildSettings = {
				ALWAYS_EMBED_SWIFT_STANDARD_LIBRARIES = YES;
				CODE_SIGN_STYLE = Automatic;
				DEVELOPMENT_TEAM = 899E5987EP;
				INFOPLIST_FILE = RendezvousUITests/Info.plist;
				LD_RUNPATH_SEARCH_PATHS = (
					"$(inherited)",
					"@executable_path/Frameworks",
					"@loader_path/Frameworks",
				);
				PRODUCT_BUNDLE_IDENTIFIER = NYUiOS.RendezvousUITests;
				PRODUCT_NAME = "$(TARGET_NAME)";
				SWIFT_VERSION = 5.0;
				TARGETED_DEVICE_FAMILY = "1,2";
				TEST_TARGET_NAME = Rendezvous;
			};
			name = Debug;
		};
		9EBE4792254744B40018F291 /* Release */ = {
			isa = XCBuildConfiguration;
			baseConfigurationReference = 480DAFCC981B7E5F1670B36E /* Pods-Rendezvous-RendezvousUITests.release.xcconfig */;
			buildSettings = {
				ALWAYS_EMBED_SWIFT_STANDARD_LIBRARIES = YES;
				CODE_SIGN_STYLE = Automatic;
				DEVELOPMENT_TEAM = 899E5987EP;
				INFOPLIST_FILE = RendezvousUITests/Info.plist;
				LD_RUNPATH_SEARCH_PATHS = (
					"$(inherited)",
					"@executable_path/Frameworks",
					"@loader_path/Frameworks",
				);
				PRODUCT_BUNDLE_IDENTIFIER = NYUiOS.RendezvousUITests;
				PRODUCT_NAME = "$(TARGET_NAME)";
				SWIFT_VERSION = 5.0;
				TARGETED_DEVICE_FAMILY = "1,2";
				TEST_TARGET_NAME = Rendezvous;
			};
			name = Release;
		};
/* End XCBuildConfiguration section */

/* Begin XCConfigurationList section */
		9EBE4758254744B20018F291 /* Build configuration list for PBXProject "Rendezvous" */ = {
			isa = XCConfigurationList;
			buildConfigurations = (
				9EBE4788254744B40018F291 /* Debug */,
				9EBE4789254744B40018F291 /* Release */,
			);
			defaultConfigurationIsVisible = 0;
			defaultConfigurationName = Release;
		};
		9EBE478A254744B40018F291 /* Build configuration list for PBXNativeTarget "Rendezvous" */ = {
			isa = XCConfigurationList;
			buildConfigurations = (
				9EBE478B254744B40018F291 /* Debug */,
				9EBE478C254744B40018F291 /* Release */,
			);
			defaultConfigurationIsVisible = 0;
			defaultConfigurationName = Release;
		};
		9EBE478D254744B40018F291 /* Build configuration list for PBXNativeTarget "RendezvousTests" */ = {
			isa = XCConfigurationList;
			buildConfigurations = (
				9EBE478E254744B40018F291 /* Debug */,
				9EBE478F254744B40018F291 /* Release */,
			);
			defaultConfigurationIsVisible = 0;
			defaultConfigurationName = Release;
		};
		9EBE4790254744B40018F291 /* Build configuration list for PBXNativeTarget "RendezvousUITests" */ = {
			isa = XCConfigurationList;
			buildConfigurations = (
				9EBE4791254744B40018F291 /* Debug */,
				9EBE4792254744B40018F291 /* Release */,
			);
			defaultConfigurationIsVisible = 0;
			defaultConfigurationName = Release;
		};
/* End XCConfigurationList section */

/* Begin XCVersionGroup section */
		9EBE4769254744B20018F291 /* Rendezvous.xcdatamodeld */ = {
			isa = XCVersionGroup;
			children = (
				9EBE476A254744B20018F291 /* Rendezvous.xcdatamodel */,
			);
			currentVersion = 9EBE476A254744B20018F291 /* Rendezvous.xcdatamodel */;
			path = Rendezvous.xcdatamodeld;
			sourceTree = "<group>";
			versionGroupType = wrapper.xcdatamodel;
		};
/* End XCVersionGroup section */
	};
	rootObject = 9EBE4755254744B20018F291 /* Project object */;
}
